
Microsoft Visual Studio Solution File, Format Version 12.00
# Visual Studio Version 16
VisualStudioVersion = 16.0.35026.282
MinimumVisualStudioVersion = 10.0.40219.1
Project("{F184B08F-C81C-45F6-A57F-5ABD9991F28F}") = "WindowsApp1", "WindowsApp1\WindowsApp1.vbproj", "{D9993386-82A2-4488-B7CD-6ACF7C001F14}"
EndProject
Global
	GlobalSection(SolutionConfigurationPlatforms) = preSolution
		Debug|Any CPU = Debug|Any CPU
		Release|Any CPU = Release|Any CPU
	EndGlobalSection
	GlobalSection(ProjectConfigurationPlatforms) = postSolution
		{D9993386-82A2-4488-B7CD-6ACF7C001F14}.Debug|Any CPU.ActiveCfg = Debug|Any CPU
		{D9993386-82A2-4488-B7CD-6ACF7C001F14}.Debug|Any CPU.Build.0 = Debug|Any CPU
		{D9993386-82A2-4488-B7CD-6ACF7C001F14}.Release|Any CPU.ActiveCfg = Release|Any CPU
		{D9993386-82A2-4488-B7CD-6ACF7C001F14}.Release|Any CPU.Build.0 = Release|Any CPU
	EndGlobalSection
	GlobalSection(SolutionProperties) = preSolution
		HideSolutionNode = FALSE
	EndGlobalSection
	GlobalSection(ExtensibilityGlobals) = postSolution
		SolutionGuid = {D6E4497A-FCCC-4FCA-925C-98B0B66DF3B5}
	EndGlobalSection
EndGlobal
